
Microsoft Visual Studio Solution File, Format Version 12.00
# Visual Studio Version 16
VisualStudioVersion = 25.0.1706.14
MinimumVisualStudioVersion = 10.0.40219.1
Project("{FAE04EC0-301F-11D3-BF4B-00C04F79EFBC}") = "BMILaskuri", "BMILaskuri\BMILaskuri.csproj", "{CA5D3773-BE3B-4301-8489-C507EC462F04}"
EndProject
Global
	GlobalSection(SolutionConfigurationPlatforms) = preSolution
		Debug|Any CPU = Debug|Any CPU
		Release|Any CPU = Release|Any CPU
	EndGlobalSection
	GlobalSection(ProjectConfigurationPlatforms) = postSolution
		{CA5D3773-BE3B-4301-8489-C507EC462F04}.Debug|Any CPU.ActiveCfg = Debug|Any CPU
		{CA5D3773-BE3B-4301-8489-C507EC462F04}.Debug|Any CPU.Build.0 = Debug|Any CPU
		{CA5D3773-BE3B-4301-8489-C507EC462F04}.Release|Any CPU.ActiveCfg = Release|Any CPU
		{CA5D3773-BE3B-4301-8489-C507EC462F04}.Release|Any CPU.Build.0 = Release|Any CPU
	EndGlobalSection
	GlobalSection(SolutionProperties) = preSolution
		HideSolutionNode = FALSE
	EndGlobalSection
	GlobalSection(ExtensibilityGlobals) = postSolution
		SolutionGuid = {F5D7BA20-F37F-4D89-AC57-A52C700010CA}
	EndGlobalSection
EndGlobal
